# THIS IS AN AUTOGENERATED FILE. DO NOT EDIT THIS FILE DIRECTLY.
# yarn lockfile v1


"@redis/bloom@1.0.2":
  version "1.0.2"
  resolved "https://registry.yarnpkg.com/@redis/bloom/-/bloom-1.0.2.tgz#42b82ec399a92db05e29fffcdfd9235a5fc15cdf"
  integrity sha512-EBw7Ag1hPgFzdznK2PBblc1kdlj5B5Cw3XwI9/oG7tSn85/HKy3X9xHy/8tm/eNXJYHLXHJL/pkwBpFMVVefkw==

"@redis/client@1.1.0":
  version "1.1.0"
  resolved "https://registry.yarnpkg.com/@redis/client/-/client-1.1.0.tgz#e52a85aee802796ceb14bf27daf9550f51f238b8"
  integrity sha512-xO9JDIgzsZYDl3EvFhl6LC52DP3q3GCMUer8zHgKV6qSYsq1zB+pZs9+T80VgcRogrlRYhi4ZlfX6A+bHiBAgA==
  dependencies:
    cluster-key-slot "1.1.0"
    generic-pool "3.8.2"
    yallist "4.0.0"

"@redis/graph@1.0.1":
  version "1.0.1"
  resolved "https://registry.yarnpkg.com/@redis/graph/-/graph-1.0.1.tgz#eabc58ba99cd70d0c907169c02b55497e4ec8a99"
  integrity sha512-oDE4myMCJOCVKYMygEMWuriBgqlS5FqdWerikMoJxzmmTUErnTRRgmIDa2VcgytACZMFqpAOWDzops4DOlnkfQ==

"@redis/json@1.0.3":
  version "1.0.3"
  resolved "https://registry.yarnpkg.com/@redis/json/-/json-1.0.3.tgz#a13fde1d22ebff0ae2805cd8e1e70522b08ea866"
  integrity sha512-4X0Qv0BzD9Zlb0edkUoau5c1bInWSICqXAGrpwEltkncUwcxJIGEcVryZhLgb0p/3PkKaLIWkjhHRtLe9yiA7Q==

"@redis/search@1.0.6":
  version "1.0.6"
  resolved "https://registry.yarnpkg.com/@redis/search/-/search-1.0.6.tgz#53d7451c2783f011ebc48ec4c2891264e0b22f10"
  integrity sha512-pP+ZQRis5P21SD6fjyCeLcQdps+LuTzp2wdUbzxEmNhleighDDTD5ck8+cYof+WLec4csZX7ks+BuoMw0RaZrA==

"@redis/time-series@1.0.3":
  version "1.0.3"
  resolved "https://registry.yarnpkg.com/@redis/time-series/-/time-series-1.0.3.tgz#4cfca8e564228c0bddcdf4418cba60c20b224ac4"
  integrity sha512-OFp0q4SGrTH0Mruf6oFsHGea58u8vS/iI5+NpYdicaM+7BgqBZH8FFvNZ8rYYLrUO/QRqMq72NpXmxLVNcdmjA==

"@swc-node/core@^1.9.0":
  version "1.9.0"
  resolved "https://registry.yarnpkg.com/@swc-node/core/-/core-1.9.0.tgz#f5208d575c1aed5a2cab7e4c04e46aca34d8c240"
  integrity sha512-vRnvsMtL9OxybA/Wun1ZhlDvB6MNs4Zujnina0VKdGk+yI6s87KUhdTcbAY6dQMZhQTLFiC1Lnv/BuwCKcCEug==
  dependencies:
    "@swc/core" "^1.2.172"

"@swc-node/register@^1.5.1":
  version "1.5.1"
  resolved "https://registry.yarnpkg.com/@swc-node/register/-/register-1.5.1.tgz#8927783c1a53207ded076d8700270f7941aa0305"
  integrity sha512-6IL5s4QShKGs08qAeNou3rDA3gbp2WHk6fo0XnJXQn/aC9k6FnVBbj/thGOIEDtgNhC/DKpZT8tCY1LpQnOZFg==
  dependencies:
    "@swc-node/core" "^1.9.0"
    "@swc-node/sourcemap-support" "^0.2.0"
    colorette "^2.0.16"
    debug "^4.3.4"
    pirates "^4.0.5"
    tslib "^2.4.0"

"@swc-node/sourcemap-support@^0.2.0":
  version "0.2.0"
  resolved "https://registry.yarnpkg.com/@swc-node/sourcemap-support/-/sourcemap-support-0.2.0.tgz#e9079f739921fbe5c49d85791703fcb1540c356b"
  integrity sha512-FNrxdI6XMYfoNt81L8eFKEm1d8P82I1nPwS3MrnBGzZoMWB+seQhQK+iN6M5RreJxXbfZw5lF86LRjHEQeGMqg==
  dependencies:
    source-map-support "^0.5.21"

"@swc/core-android-arm-eabi@1.2.204":
  version "1.2.204"
  resolved "https://registry.yarnpkg.com/@swc/core-android-arm-eabi/-/core-android-arm-eabi-1.2.204.tgz#03fede7a2b5dc043c100216f9825b26c0b1f6a76"
  integrity sha512-7f5wtQlTvqr1aW3Umb9juxE8zlAxk6i3m34Mr1wlfJlh7DkkFAxRXiPSz8Uleb7sGmdY7hukUu/o8ex5o/aCzg==

"@swc/core-android-arm64@1.2.204":
  version "1.2.204"
  resolved "https://registry.yarnpkg.com/@swc/core-android-arm64/-/core-android-arm64-1.2.204.tgz#429679b498a4d79f4964e8d2d1b553be5fc0bd23"
  integrity sha512-MCbzyGmhVWhTqUVTSDdWGLBFo7cxlVAKuCMgh1XSIgFB/ys8sAAyCKWqoafx2H4hRl6pRRBAdym35zTpzIFotw==

"@swc/core-darwin-arm64@1.2.204":
  version "1.2.204"
  resolved "https://registry.yarnpkg.com/@swc/core-darwin-arm64/-/core-darwin-arm64-1.2.204.tgz#bdb357d7e32796a87a7969bf576b6b7d0532704b"
  integrity sha512-DuBBKIyk0iUGPmq6RQc7/uOCkGnvB0JDWQbWxA2NGAEcK0ZtI9J0efG9M1/gLIb0QD+d2DVS5Lx7VRIUFTx9lA==

"@swc/core-darwin-x64@1.2.204":
  version "1.2.204"
  resolved "https://registry.yarnpkg.com/@swc/core-darwin-x64/-/core-darwin-x64-1.2.204.tgz#9e479abc34458c31d94255d5f7ecb50fc327f710"
  integrity sha512-WvDN6tRjQ/p+4gNvT4UVU4VyJLXy6hT4nT6mGgrtftG/9pP5dDPwwtTm86ISfqGUs8/LuZvrr4Nhwdr3j+0uAA==

"@swc/core-freebsd-x64@1.2.204":
  version "1.2.204"
  resolved "https://registry.yarnpkg.com/@swc/core-freebsd-x64/-/core-freebsd-x64-1.2.204.tgz#0f79aee7396f0089ae1098805e6317627a1068c5"
  integrity sha512-Ia0OyqYYzQkEYhCZJTNHpHqHQh8r6mifqGw7ZU7WMkVQRPxULM+sUL+u0a3J5dzYKX7ubwzq8HJAyBiCvuq5eg==

"@swc/core-linux-arm-gnueabihf@1.2.204":
  version "1.2.204"
  resolved "https://registry.yarnpkg.com/@swc/core-linux-arm-gnueabihf/-/core-linux-arm-gnueabihf-1.2.204.tgz#8118cfdb1fae90683929b1cf842438f8dd0ab9ac"
  integrity sha512-WnL+wtwt1UEtCo8VN3BFiNshZxMyFes1rdNcanzlNbixyW9ESanfy6KGtmTVX6Cz2W6c+mr588kBFFu9Fqkd0w==

"@swc/core-linux-arm64-gnu@1.2.204":
  version "1.2.204"
  resolved "https://registry.yarnpkg.com/@swc/core-linux-arm64-gnu/-/core-linux-arm64-gnu-1.2.204.tgz#c999e0c7487745c78a5cf54fd97a0aa82c146c7d"
  integrity sha512-oQBahskrbU+g0uEcQM0o9O47jHrMwgQ7f6htkWhYxbyyK392nGI+eH2zapNe0zvsfx3sSCIVmjLAvgBCNP9ygw==

"@swc/core-linux-arm64-musl@1.2.204":
  version "1.2.204"
  resolved "https://registry.yarnpkg.com/@swc/core-linux-arm64-musl/-/core-linux-arm64-musl-1.2.204.tgz#0366924420c2ae88bc50391b4846edfd7cda0586"
  integrity sha512-0vW6+M4yDEzqbJZU+7n+F5Oxwgjp14cNnraZF4wsAb27MXGi6vX9bLLbI5rSik1zYpKjOrLtCR0St8GtOC48Ew==

"@swc/core-linux-x64-gnu@1.2.204":
  version "1.2.204"
  resolved "https://registry.yarnpkg.com/@swc/core-linux-x64-gnu/-/core-linux-x64-gnu-1.2.204.tgz#8b5293fdca2118ce6552ad586a704a59489b5b49"
  integrity sha512-6eco63idgYWPYrSpDeSE3tgh/4CC0hJz8cAO/M/f3azmCXvI+11isC60ic3UKeZ2QNXz3YbsX6CKAgBPSkkaVA==

"@swc/core-linux-x64-musl@1.2.204":
  version "1.2.204"
  resolved "https://registry.yarnpkg.com/@swc/core-linux-x64-musl/-/core-linux-x64-musl-1.2.204.tgz#3003c79103904f9da3c742730ed329d6bb6a4997"
  integrity sha512-9wBiGghWhYCcXhDppzKM4a+vXldMoK3+XaSWvGw1lP+65B4ffsYXpDenEXqLV5W/i2iJ8Sbh2xN+EiKvTJBObw==

"@swc/core-win32-arm64-msvc@1.2.204":
  version "1.2.204"
  resolved "https://registry.yarnpkg.com/@swc/core-win32-arm64-msvc/-/core-win32-arm64-msvc-1.2.204.tgz#28fdb23af88309c3200aea462a1d8bc139fbe61f"
  integrity sha512-h2CrN7D9hA7/tePtqmK8fxPBDORBUKFoF8Ouhbyd0XgWfDOEblJdviSp9oURR9bj7KH5mL2S+nCyv2lSZCtWKw==

"@swc/core-win32-ia32-msvc@1.2.204":
  version "1.2.204"
  resolved "https://registry.yarnpkg.com/@swc/core-win32-ia32-msvc/-/core-win32-ia32-msvc-1.2.204.tgz#3e700f1af4c7a8a8254dc437e261436695b2dab0"
  integrity sha512-703+aUSVTbSIQ9V8YeMgitpJiGLiN5Zxwku0dVbeztYYAJQQFHFi5sV6igbvCXKi26Mqs9kps0QO/pi5DWPrsg==

"@swc/core-win32-x64-msvc@1.2.204":
  version "1.2.204"
  resolved "https://registry.yarnpkg.com/@swc/core-win32-x64-msvc/-/core-win32-x64-msvc-1.2.204.tgz#135425de4dc539f1ca609dfedc4aef4fa3a9980b"
  integrity sha512-gPfLEb5SbOaaRL7yxB+qXwSxXb+rsc3hXEUaxhOk5JAv8Yfi1f8nlTMNMlxKkf6/Tc3MRkFNr973GrwTtMvN4g==

"@swc/core@^1.2.172":
  version "1.2.204"
  resolved "https://registry.yarnpkg.com/@swc/core/-/core-1.2.204.tgz#8a6c31cc78dae559e7fc92c30e5ed359bb9a69d4"
  integrity sha512-aCaHwmT4P8ZzA5xr0YE8cRKYQmONazCPj3M5yKN644PLeolZL3Eog5heoEiZQYDdZzoPkGNgOu9J8zit0KF5Ig==
  optionalDependencies:
    "@swc/core-android-arm-eabi" "1.2.204"
    "@swc/core-android-arm64" "1.2.204"
    "@swc/core-darwin-arm64" "1.2.204"
    "@swc/core-darwin-x64" "1.2.204"
    "@swc/core-freebsd-x64" "1.2.204"
    "@swc/core-linux-arm-gnueabihf" "1.2.204"
    "@swc/core-linux-arm64-gnu" "1.2.204"
    "@swc/core-linux-arm64-musl" "1.2.204"
    "@swc/core-linux-x64-gnu" "1.2.204"
    "@swc/core-linux-x64-musl" "1.2.204"
    "@swc/core-win32-arm64-msvc" "1.2.204"
    "@swc/core-win32-ia32-msvc" "1.2.204"
    "@swc/core-win32-x64-msvc" "1.2.204"

"@types/node@*", "@types/node@^18.0.0":
  version "18.0.0"
  resolved "https://registry.npmjs.org/@types/node/-/node-18.0.0.tgz"
  integrity sha512-cHlGmko4gWLVI27cGJntjs/Sj8th9aYwplmZFwmmgYQQvL5NUsgVJG7OddLvNfLqYS31KFN0s3qlaD9qCaxACA==

"@types/pg@^8.6.5":
  version "8.6.5"
  resolved "https://registry.yarnpkg.com/@types/pg/-/pg-8.6.5.tgz#2dce9cb468a6a5e0f1296a59aea3ac75dd27b702"
  integrity sha512-tOkGtAqRVkHa/PVZicq67zuujI4Oorfglsr2IbKofDwBSysnaqSx7W1mDqFqdkGE6Fbgh+PZAl0r/BWON/mozw==
  dependencies:
    "@types/node" "*"
    pg-protocol "*"
    pg-types "^2.2.0"

buffer-from@^1.0.0:
  version "1.1.2"
  resolved "https://registry.yarnpkg.com/buffer-from/-/buffer-from-1.1.2.tgz#2b146a6fd72e80b4f55d255f35ed59a3a9a41bd5"
  integrity sha512-E+XQCRwSbaaiChtv6k6Dwgc+bx+Bs6vuKJHHl5kox/BaKbhiXzqQOwK4cO22yElGp2OCmjwVhT3HmxgyPGnJfQ==

buffer-writer@2.0.0:
  version "2.0.0"
  resolved "https://registry.yarnpkg.com/buffer-writer/-/buffer-writer-2.0.0.tgz#ce7eb81a38f7829db09c873f2fbb792c0c98ec04"
  integrity sha512-a7ZpuTZU1TRtnwyCNW3I5dc0wWNC3VR9S++Ewyk2HHZdrO3CQJqSpd+95Us590V6AL7JqUAH2IwZ/398PmNFgw==

cluster-key-slot@1.1.0:
  version "1.1.0"
  resolved "https://registry.yarnpkg.com/cluster-key-slot/-/cluster-key-slot-1.1.0.tgz#30474b2a981fb12172695833052bc0d01336d10d"
  integrity sha512-2Nii8p3RwAPiFwsnZvukotvow2rIHM+yQ6ZcBXGHdniadkYGZYiGmkHJIbZPIV9nfv7m/U1IPMVVcAhoWFeklw==

colorette@^2.0.16:
  version "2.0.19"
  resolved "https://registry.yarnpkg.com/colorette/-/colorette-2.0.19.tgz#cdf044f47ad41a0f4b56b3a0d5b4e6e1a2d5a798"
  integrity sha512-3tlv/dIP7FWvj3BsbHrGLJ6l/oKh1O3TcgBqMn+yyCagOxc23fyzDS6HypQbgxWbkpDnf52p1LuR4eWDQ/K9WQ==

debug@^4.3.4:
  version "4.3.4"
  resolved "https://registry.yarnpkg.com/debug/-/debug-4.3.4.tgz#1319f6579357f2338d3337d2cdd4914bb5dcc865"
  integrity sha512-PRWFHuSU3eDtQJPvnNY7Jcket1j0t5OuOsFzPPzsekD52Zl8qUfFIPEiswXqIvHWGVHOgX+7G/vCNNhehwxfkQ==
  dependencies:
    ms "2.1.2"

generic-pool@3.8.2:
  version "3.8.2"
  resolved "https://registry.yarnpkg.com/generic-pool/-/generic-pool-3.8.2.tgz#aab4f280adb522fdfbdc5e5b64d718d3683f04e9"
  integrity sha512-nGToKy6p3PAbYQ7p1UlWl6vSPwfwU6TMSWK7TTu+WUY4ZjyZQGniGGt2oNVvyNSpyZYSB43zMXVLcBm08MTMkg==

ms@2.1.2:
  version "2.1.2"
  resolved "https://registry.yarnpkg.com/ms/-/ms-2.1.2.tgz#d09d1f357b443f493382a8eb3ccd183872ae6009"
  integrity sha512-sGkPx+VjMtmA6MX27oA4FBFELFCZZ4S4XqeGOXCv68tT+jb3vk/RyaKWP0PTKyWtmLSM0b+adUTEvbs1PEaH2w==

packet-reader@1.0.0:
  version "1.0.0"
  resolved "https://registry.yarnpkg.com/packet-reader/-/packet-reader-1.0.0.tgz#9238e5480dedabacfe1fe3f2771063f164157d74"
  integrity sha512-HAKu/fG3HpHFO0AA8WE8q2g+gBJaZ9MG7fcKk+IJPLTGAD6Psw4443l+9DGRbOIh3/aXr7Phy0TjilYivJo5XQ==

pg-connection-string@^2.5.0:
  version "2.5.0"
  resolved "https://registry.yarnpkg.com/pg-connection-string/-/pg-connection-string-2.5.0.tgz#538cadd0f7e603fc09a12590f3b8a452c2c0cf34"
  integrity sha512-r5o/V/ORTA6TmUnyWZR9nCj1klXCO2CEKNRlVuJptZe85QuhFayC7WeMic7ndayT5IRIR0S0xFxFi2ousartlQ==

pg-int8@1.0.1:
  version "1.0.1"
  resolved "https://registry.yarnpkg.com/pg-int8/-/pg-int8-1.0.1.tgz#943bd463bf5b71b4170115f80f8efc9a0c0eb78c"
  integrity sha512-WCtabS6t3c8SkpDBUlb1kjOs7l66xsGdKpIPZsg4wR+B3+u9UAum2odSsF9tnvxg80h4ZxLWMy4pRjOsFIqQpw==

pg-pool@^3.5.1:
  version "3.5.1"
  resolved "https://registry.yarnpkg.com/pg-pool/-/pg-pool-3.5.1.tgz#f499ce76f9bf5097488b3b83b19861f28e4ed905"
  integrity sha512-6iCR0wVrro6OOHFsyavV+i6KYL4lVNyYAB9RD18w66xSzN+d8b66HiwuP30Gp1SH5O9T82fckkzsRjlrhD0ioQ==

pg-protocol@*, pg-protocol@^1.5.0:
  version "1.5.0"
  resolved "https://registry.yarnpkg.com/pg-protocol/-/pg-protocol-1.5.0.tgz#b5dd452257314565e2d54ab3c132adc46565a6a0"
  integrity sha512-muRttij7H8TqRNu/DxrAJQITO4Ac7RmX3Klyr/9mJEOBeIpgnF8f9jAfRz5d3XwQZl5qBjF9gLsUtMPJE0vezQ==

pg-types@^2.1.0, pg-types@^2.2.0:
  version "2.2.0"
  resolved "https://registry.yarnpkg.com/pg-types/-/pg-types-2.2.0.tgz#2d0250d636454f7cfa3b6ae0382fdfa8063254a3"
  integrity sha512-qTAAlrEsl8s4OiEQY69wDvcMIdQN6wdz5ojQiOy6YRMuynxenON0O5oCpJI6lshc6scgAY8qvJ2On/p+CXY0GA==
  dependencies:
    pg-int8 "1.0.1"
    postgres-array "~2.0.0"
    postgres-bytea "~1.0.0"
    postgres-date "~1.0.4"
    postgres-interval "^1.1.0"

pg@^8.7.3:
  version "8.7.3"
  resolved "https://registry.yarnpkg.com/pg/-/pg-8.7.3.tgz#8a5bdd664ca4fda4db7997ec634c6e5455b27c44"
  integrity sha512-HPmH4GH4H3AOprDJOazoIcpI49XFsHCe8xlrjHkWiapdbHK+HLtbm/GQzXYAZwmPju/kzKhjaSfMACG+8cgJcw==
  dependencies:
    buffer-writer "2.0.0"
    packet-reader "1.0.0"
    pg-connection-string "^2.5.0"
    pg-pool "^3.5.1"
    pg-protocol "^1.5.0"
    pg-types "^2.1.0"
    pgpass "1.x"

pgpass@1.x:
  version "1.0.5"
  resolved "https://registry.yarnpkg.com/pgpass/-/pgpass-1.0.5.tgz#9b873e4a564bb10fa7a7dbd55312728d422a223d"
  integrity sha512-FdW9r/jQZhSeohs1Z3sI1yxFQNFvMcnmfuj4WBMUTxOrAyLMaTcE1aAMBiTlbMNaXvBCQuVi0R7hd8udDSP7ug==
  dependencies:
    split2 "^4.1.0"

pirates@^4.0.5:
  version "4.0.5"
  resolved "https://registry.yarnpkg.com/pirates/-/pirates-4.0.5.tgz#feec352ea5c3268fb23a37c702ab1699f35a5f3b"
  integrity sha512-8V9+HQPupnaXMA23c5hvl69zXvTwTzyAYasnkb0Tts4XvO4CliqONMOnvlq26rkhLC3nWDFBJf73LU1e1VZLaQ==

postgres-array@~2.0.0:
  version "2.0.0"
  resolved "https://registry.yarnpkg.com/postgres-array/-/postgres-array-2.0.0.tgz#48f8fce054fbc69671999329b8834b772652d82e"
  integrity sha512-VpZrUqU5A69eQyW2c5CA1jtLecCsN2U/bD6VilrFDWq5+5UIEVO7nazS3TEcHf1zuPYO/sqGvUvW62g86RXZuA==

postgres-bytea@~1.0.0:
  version "1.0.0"
  resolved "https://registry.yarnpkg.com/postgres-bytea/-/postgres-bytea-1.0.0.tgz#027b533c0aa890e26d172d47cf9ccecc521acd35"
  integrity sha512-xy3pmLuQqRBZBXDULy7KbaitYqLcmxigw14Q5sj8QBVLqEwXfeybIKVWiqAXTlcvdvb0+xkOtDbfQMOf4lST1w==

postgres-date@~1.0.4:
  version "1.0.7"
  resolved "https://registry.yarnpkg.com/postgres-date/-/postgres-date-1.0.7.tgz#51bc086006005e5061c591cee727f2531bf641a8"
  integrity sha512-suDmjLVQg78nMK2UZ454hAG+OAW+HQPZ6n++TNDUX+L0+uUlLywnoxJKDou51Zm+zTCjrCl0Nq6J9C5hP9vK/Q==

postgres-interval@^1.1.0:
  version "1.2.0"
  resolved "https://registry.yarnpkg.com/postgres-interval/-/postgres-interval-1.2.0.tgz#b460c82cb1587507788819a06aa0fffdb3544695"
  integrity sha512-9ZhXKM/rw350N1ovuWHbGxnGh/SNJ4cnxHiM0rxE4VN41wsg8P8zWn9hv/buK00RP4WvlOyr/RBDiptyxVbkZQ==
  dependencies:
    xtend "^4.0.0"

redis@^4.1.0:
  version "4.1.0"
  resolved "https://registry.yarnpkg.com/redis/-/redis-4.1.0.tgz#6e400e8edf219e39281afe95e66a3d5f7dcf7289"
  integrity sha512-5hvJ8wbzpCCiuN1ges6tx2SAh2XXCY0ayresBmu40/SGusWHFW86TAlIPpbimMX2DFHOX7RN34G2XlPA1Z43zg==
  dependencies:
    "@redis/bloom" "1.0.2"
    "@redis/client" "1.1.0"
    "@redis/graph" "1.0.1"
    "@redis/json" "1.0.3"
    "@redis/search" "1.0.6"
    "@redis/time-series" "1.0.3"

source-map-support@^0.5.21:
  version "0.5.21"
  resolved "https://registry.yarnpkg.com/source-map-support/-/source-map-support-0.5.21.tgz#04fe7c7f9e1ed2d662233c28cb2b35b9f63f6e4f"
  integrity sha512-uBHU3L3czsIyYXKX88fdrGovxdSCoTGDRZ6SYXtSRxLZUzHg5P/66Ht6uoUlHu9EZod+inXhKo3qQgwXUT/y1w==
  dependencies:
    buffer-from "^1.0.0"
    source-map "^0.6.0"

source-map@^0.6.0:
  version "0.6.1"
  resolved "https://registry.yarnpkg.com/source-map/-/source-map-0.6.1.tgz#74722af32e9614e9c287a8d0bbde48b5e2f1a263"
  integrity sha512-UjgapumWlbMhkBgzT7Ykc5YXUT46F0iKu8SGXq0bcwP5dz/h0Plj6enJqjz1Zbq2l5WaqYnrVbwWOWMyF3F47g==

split2@^4.1.0:
  version "4.1.0"
  resolved "https://registry.yarnpkg.com/split2/-/split2-4.1.0.tgz#101907a24370f85bb782f08adaabe4e281ecf809"
  integrity sha512-VBiJxFkxiXRlUIeyMQi8s4hgvKCSjtknJv/LVYbrgALPwf5zSKmEwV9Lst25AkvMDnvxODugjdl6KZgwKM1WYQ==

sql-template-strings@^2.2.2:
  version "2.2.2"
  resolved "https://registry.yarnpkg.com/sql-template-strings/-/sql-template-strings-2.2.2.tgz#3f11508a25addfce217a3042a9d300c3193b96ff"
  integrity sha512-UXhXR2869FQaD+GMly8jAMCRZ94nU5KcrFetZfWEMd+LVVG6y0ExgHAhatEcKZ/wk8YcKPdi+hiD2wm75lq3/Q==

tslib@^2.4.0:
  version "2.4.0"
  resolved "https://registry.yarnpkg.com/tslib/-/tslib-2.4.0.tgz#7cecaa7f073ce680a05847aa77be941098f36dc3"
  integrity sha512-d6xOpEDfsi2CZVlPQzGeux8XMwLT9hssAsaPYExaQMuYskwb+x1x7J371tWlbBdWHroy99KnVB6qIkUbs5X3UQ==

typed-regex@^0.0.8:
  version "0.0.8"
  resolved "https://registry.yarnpkg.com/typed-regex/-/typed-regex-0.0.8.tgz#e791c5e069dfe4af0fd0e1413891f20553be57a1"
  integrity sha512-1XkGm1T/rUngbFROIOw9wPnMAKeMsRoc+c9O6GwOHz6aH/FrJFtcyd2sHASbT0OXeGLot5N1shPNpwHGTv9RdQ==

typescript@^4.7.4:
  version "4.7.4"
  resolved "https://registry.yarnpkg.com/typescript/-/typescript-4.7.4.tgz#1a88596d1cf47d59507a1bcdfb5b9dfe4d488235"
  integrity sha512-C0WQT0gezHuw6AdY1M2jxUO83Rjf0HP7Sk1DtXj6j1EwkQNZrHAg2XPWlq62oqEhYvONq5pkC2Y9oPljWToLmQ==

xtend@^4.0.0:
  version "4.0.2"
  resolved "https://registry.yarnpkg.com/xtend/-/xtend-4.0.2.tgz#bb72779f5fa465186b1f438f674fa347fdb5db54"
  integrity sha512-LKYU1iAXJXUgAXn9URjiu+MWhyUXHsvfp7mcuYm9dSUKK0/CjtrUwFAxD82/mCWbtLsGjFIad0wIsod4zrTAEQ==

yallist@4.0.0:
  version "4.0.0"
  resolved "https://registry.yarnpkg.com/yallist/-/yallist-4.0.0.tgz#9bb92790d9c0effec63be73519e11a35019a3a72"
  integrity sha512-3wdGidZyq5PB084XLES5TpOSRA3wjXAlIWMhum2kRcv/41Sn2emQ0dycQW4uZXLejwKvg6EsvbdlVL+FYEct7A==

zod@^3.17.3:
  version "3.17.3"
  resolved "https://registry.yarnpkg.com/zod/-/zod-3.17.3.tgz#86abbc670ff0063a4588d85a4dcc917d6e4af2ba"
  integrity sha512-4oKP5zvG6GGbMlqBkI5FESOAweldEhSOZ6LI6cG+JzUT7ofj1ZOC0PJudpQOpT1iqOFpYYtX5Pw0+o403y4bcg==
