# THIS IS AN AUTOGENERATED FILE. DO NOT EDIT THIS FILE DIRECTLY.
# yarn lockfile v1


"@sanalabs/json@^0.1.9":
  version "0.1.9"
  resolved "https://registry.yarnpkg.com/@sanalabs/json/-/json-0.1.9.tgz#64172bf10a8f6b804666127b4d0bcbeaceca881b"
  integrity sha512-AGKEEDBWtfBLpTfbJWk+Fe6iaOkHM2UiQVX/aWyFMdqd9yOsnKYNAEJfN1Ppi8NYTiojWU3yEJoctq6JbPpcYA==
  dependencies:
    lodash "^4.17.21"

lodash@^4.17.21:
  version "4.17.21"
  resolved "https://registry.yarnpkg.com/lodash/-/lodash-4.17.21.tgz#679591c564c3bffaae8454cf0b3df370c3d6911c"
  integrity sha512-v2kDEe57lecTulaDIuNTPy3Ry4gLGJ6Z1O3vE1krgXZNrsQ+LFTGHVxVjcXPs17LhbZVGedAJv8XZ1tvj5FvSg==

uWebSockets.js@uNetworking/uWebSockets.js#v20.10.0:
  version "20.10.0"
  resolved "https://codeload.github.com/uNetworking/uWebSockets.js/tar.gz/806df48c9da86af7b3341f3e443388c7cd15c3de"
